
Microsoft Visual Studio Solution File, Format Version 12.00
# Visual Studio Version 17
VisualStudioVersion = 17.10.34928.147
MinimumVisualStudioVersion = 10.0.40219.1
Project("{FAE04EC0-301F-11D3-BF4B-00C04F79EFBC}") = "timerForm", "timerForm\timerForm.csproj", "{37648276-2A10-4806-88CC-1A94A220B270}"
EndProject
Global
	GlobalSection(SolutionConfigurationPlatforms) = preSolution
		Debug|Any CPU = Debug|Any CPU
		Release|Any CPU = Release|Any CPU
	EndGlobalSection
	GlobalSection(ProjectConfigurationPlatforms) = postSolution
		{37648276-2A10-4806-88CC-1A94A220B270}.Debug|Any CPU.ActiveCfg = Debug|Any CPU
		{37648276-2A10-4806-88CC-1A94A220B270}.Debug|Any CPU.Build.0 = Debug|Any CPU
		{37648276-2A10-4806-88CC-1A94A220B270}.Release|Any CPU.ActiveCfg = Release|Any CPU
		{37648276-2A10-4806-88CC-1A94A220B270}.Release|Any CPU.Build.0 = Release|Any CPU
	EndGlobalSection
	GlobalSection(SolutionProperties) = preSolution
		HideSolutionNode = FALSE
	EndGlobalSection
	GlobalSection(ExtensibilityGlobals) = postSolution
		SolutionGuid = {6066DCB5-F16B-4A1B-9C66-A1AF277DE7DA}
	EndGlobalSection
EndGlobal
