
Microsoft Visual Studio Solution File, Format Version 12.00
# Visual Studio Version 17
VisualStudioVersion = 17.10.34928.147
MinimumVisualStudioVersion = 10.0.40219.1
Project("{FAE04EC0-301F-11D3-BF4B-00C04F79EFBC}") = "sınıfKonusu", "sınıfKonusu\sınıfKonusu.csproj", "{1AED87B6-E8FB-4E80-89C8-828CFB7DDD6A}"
EndProject
Global
	GlobalSection(SolutionConfigurationPlatforms) = preSolution
		Debug|Any CPU = Debug|Any CPU
		Release|Any CPU = Release|Any CPU
	EndGlobalSection
	GlobalSection(ProjectConfigurationPlatforms) = postSolution
		{1AED87B6-E8FB-4E80-89C8-828CFB7DDD6A}.Debug|Any CPU.ActiveCfg = Debug|Any CPU
		{1AED87B6-E8FB-4E80-89C8-828CFB7DDD6A}.Debug|Any CPU.Build.0 = Debug|Any CPU
		{1AED87B6-E8FB-4E80-89C8-828CFB7DDD6A}.Release|Any CPU.ActiveCfg = Release|Any CPU
		{1AED87B6-E8FB-4E80-89C8-828CFB7DDD6A}.Release|Any CPU.Build.0 = Release|Any CPU
	EndGlobalSection
	GlobalSection(SolutionProperties) = preSolution
		HideSolutionNode = FALSE
	EndGlobalSection
	GlobalSection(ExtensibilityGlobals) = postSolution
		SolutionGuid = {80ED60DC-BE95-49EA-865E-AED1E99246DA}
	EndGlobalSection
EndGlobal
