
Microsoft Visual Studio Solution File, Format Version 12.00
# Visual Studio Version 17
VisualStudioVersion = 17.10.34928.147
MinimumVisualStudioVersion = 10.0.40219.1
Project("{FAE04EC0-301F-11D3-BF4B-00C04F79EFBC}") = "progressBar", "progressBar\progressBar.csproj", "{DCFE5327-C7C5-47D8-A1D5-F3F52A83FBDF}"
EndProject
Global
	GlobalSection(SolutionConfigurationPlatforms) = preSolution
		Debug|Any CPU = Debug|Any CPU
		Release|Any CPU = Release|Any CPU
	EndGlobalSection
	GlobalSection(ProjectConfigurationPlatforms) = postSolution
		{DCFE5327-C7C5-47D8-A1D5-F3F52A83FBDF}.Debug|Any CPU.ActiveCfg = Debug|Any CPU
		{DCFE5327-C7C5-47D8-A1D5-F3F52A83FBDF}.Debug|Any CPU.Build.0 = Debug|Any CPU
		{DCFE5327-C7C5-47D8-A1D5-F3F52A83FBDF}.Release|Any CPU.ActiveCfg = Release|Any CPU
		{DCFE5327-C7C5-47D8-A1D5-F3F52A83FBDF}.Release|Any CPU.Build.0 = Release|Any CPU
	EndGlobalSection
	GlobalSection(SolutionProperties) = preSolution
		HideSolutionNode = FALSE
	EndGlobalSection
	GlobalSection(ExtensibilityGlobals) = postSolution
		SolutionGuid = {792BDFF2-F478-414D-97E4-8FD9803C7D23}
	EndGlobalSection
EndGlobal
