
Microsoft Visual Studio Solution File, Format Version 12.00
# Visual Studio Version 17
VisualStudioVersion = 17.10.34928.147
MinimumVisualStudioVersion = 10.0.40219.1
Project("{FAE04EC0-301F-11D3-BF4B-00C04F79EFBC}") = "EkstraAraclar1", "EkstraAraclar1\EkstraAraclar1.csproj", "{CDBE5DE5-23F9-4878-98A5-136982FCA506}"
EndProject
Global
	GlobalSection(SolutionConfigurationPlatforms) = preSolution
		Debug|Any CPU = Debug|Any CPU
		Release|Any CPU = Release|Any CPU
	EndGlobalSection
	GlobalSection(ProjectConfigurationPlatforms) = postSolution
		{CDBE5DE5-23F9-4878-98A5-136982FCA506}.Debug|Any CPU.ActiveCfg = Debug|Any CPU
		{CDBE5DE5-23F9-4878-98A5-136982FCA506}.Debug|Any CPU.Build.0 = Debug|Any CPU
		{CDBE5DE5-23F9-4878-98A5-136982FCA506}.Release|Any CPU.ActiveCfg = Release|Any CPU
		{CDBE5DE5-23F9-4878-98A5-136982FCA506}.Release|Any CPU.Build.0 = Release|Any CPU
	EndGlobalSection
	GlobalSection(SolutionProperties) = preSolution
		HideSolutionNode = FALSE
	EndGlobalSection
	GlobalSection(ExtensibilityGlobals) = postSolution
		SolutionGuid = {77ACD54A-41F4-4712-836E-96FF6818A591}
	EndGlobalSection
EndGlobal
