
Microsoft Visual Studio Solution File, Format Version 12.00
# Visual Studio Version 17
VisualStudioVersion = 17.10.34928.147
MinimumVisualStudioVersion = 10.0.40219.1
Project("{FAE04EC0-301F-11D3-BF4B-00C04F79EFBC}") = "listCombobox", "listCombobox\listCombobox.csproj", "{FD18EFA5-9EF8-45D1-963E-FF329C86B27E}"
EndProject
Global
	GlobalSection(SolutionConfigurationPlatforms) = preSolution
		Debug|Any CPU = Debug|Any CPU
		Release|Any CPU = Release|Any CPU
	EndGlobalSection
	GlobalSection(ProjectConfigurationPlatforms) = postSolution
		{FD18EFA5-9EF8-45D1-963E-FF329C86B27E}.Debug|Any CPU.ActiveCfg = Debug|Any CPU
		{FD18EFA5-9EF8-45D1-963E-FF329C86B27E}.Debug|Any CPU.Build.0 = Debug|Any CPU
		{FD18EFA5-9EF8-45D1-963E-FF329C86B27E}.Release|Any CPU.ActiveCfg = Release|Any CPU
		{FD18EFA5-9EF8-45D1-963E-FF329C86B27E}.Release|Any CPU.Build.0 = Release|Any CPU
	EndGlobalSection
	GlobalSection(SolutionProperties) = preSolution
		HideSolutionNode = FALSE
	EndGlobalSection
	GlobalSection(ExtensibilityGlobals) = postSolution
		SolutionGuid = {692FBB6A-D622-44CC-A539-EEF46E934AF8}
	EndGlobalSection
EndGlobal
