
Microsoft Visual Studio Solution File, Format Version 12.00
# Visual Studio Version 17
VisualStudioVersion = 17.10.34928.147
MinimumVisualStudioVersion = 10.0.40219.1
Project("{FAE04EC0-301F-11D3-BF4B-00C04F79EFBC}") = "ekstraYapılar", "ekstraYapılar\ekstraYapılar.csproj", "{5F75C9D0-27E3-458C-81C3-34474B00647F}"
EndProject
Global
	GlobalSection(SolutionConfigurationPlatforms) = preSolution
		Debug|Any CPU = Debug|Any CPU
		Release|Any CPU = Release|Any CPU
	EndGlobalSection
	GlobalSection(ProjectConfigurationPlatforms) = postSolution
		{5F75C9D0-27E3-458C-81C3-34474B00647F}.Debug|Any CPU.ActiveCfg = Debug|Any CPU
		{5F75C9D0-27E3-458C-81C3-34474B00647F}.Debug|Any CPU.Build.0 = Debug|Any CPU
		{5F75C9D0-27E3-458C-81C3-34474B00647F}.Release|Any CPU.ActiveCfg = Release|Any CPU
		{5F75C9D0-27E3-458C-81C3-34474B00647F}.Release|Any CPU.Build.0 = Release|Any CPU
	EndGlobalSection
	GlobalSection(SolutionProperties) = preSolution
		HideSolutionNode = FALSE
	EndGlobalSection
	GlobalSection(ExtensibilityGlobals) = postSolution
		SolutionGuid = {D03B1FCD-C3BE-4842-9C33-A13D78F0A757}
	EndGlobalSection
EndGlobal
