
Microsoft Visual Studio Solution File, Format Version 12.00
# Visual Studio Version 17
VisualStudioVersion = 17.10.34928.147
MinimumVisualStudioVersion = 10.0.40219.1
Project("{FAE04EC0-301F-11D3-BF4B-00C04F79EFBC}") = "accountgiris", "accountgiris\accountgiris.csproj", "{BD752FD8-B8DB-4C98-846E-F3B04C404E7B}"
EndProject
Global
	GlobalSection(SolutionConfigurationPlatforms) = preSolution
		Debug|Any CPU = Debug|Any CPU
		Release|Any CPU = Release|Any CPU
	EndGlobalSection
	GlobalSection(ProjectConfigurationPlatforms) = postSolution
		{BD752FD8-B8DB-4C98-846E-F3B04C404E7B}.Debug|Any CPU.ActiveCfg = Debug|Any CPU
		{BD752FD8-B8DB-4C98-846E-F3B04C404E7B}.Debug|Any CPU.Build.0 = Debug|Any CPU
		{BD752FD8-B8DB-4C98-846E-F3B04C404E7B}.Release|Any CPU.ActiveCfg = Release|Any CPU
		{BD752FD8-B8DB-4C98-846E-F3B04C404E7B}.Release|Any CPU.Build.0 = Release|Any CPU
	EndGlobalSection
	GlobalSection(SolutionProperties) = preSolution
		HideSolutionNode = FALSE
	EndGlobalSection
	GlobalSection(ExtensibilityGlobals) = postSolution
		SolutionGuid = {43BC4F1A-D56E-4A5A-B985-9F6F0F6D2E17}
	EndGlobalSection
EndGlobal
