
Microsoft Visual Studio Solution File, Format Version 12.00
# Visual Studio Version 17
VisualStudioVersion = 17.10.34928.147
MinimumVisualStudioVersion = 10.0.40219.1
Project("{FAE04EC0-301F-11D3-BF4B-00C04F79EFBC}") = "dizilerMantigi", "dizilerMantigi\dizilerMantigi.csproj", "{663EAD2D-DC7B-453E-B943-3D81655F226F}"
EndProject
Global
	GlobalSection(SolutionConfigurationPlatforms) = preSolution
		Debug|Any CPU = Debug|Any CPU
		Release|Any CPU = Release|Any CPU
	EndGlobalSection
	GlobalSection(ProjectConfigurationPlatforms) = postSolution
		{663EAD2D-DC7B-453E-B943-3D81655F226F}.Debug|Any CPU.ActiveCfg = Debug|Any CPU
		{663EAD2D-DC7B-453E-B943-3D81655F226F}.Debug|Any CPU.Build.0 = Debug|Any CPU
		{663EAD2D-DC7B-453E-B943-3D81655F226F}.Release|Any CPU.ActiveCfg = Release|Any CPU
		{663EAD2D-DC7B-453E-B943-3D81655F226F}.Release|Any CPU.Build.0 = Release|Any CPU
	EndGlobalSection
	GlobalSection(SolutionProperties) = preSolution
		HideSolutionNode = FALSE
	EndGlobalSection
	GlobalSection(ExtensibilityGlobals) = postSolution
		SolutionGuid = {2706D836-AC19-4073-925A-5A2CCB8AF2CA}
	EndGlobalSection
EndGlobal
